<Solution>
  <Folder Name="/src/">
    <Project Path="src/ByteFinance.API/ByteFinance.API.csproj" />
    <Project Path="src/ByteFinance.Application/ByteFinance.Application.csproj" />
    <Project Path="src/ByteFinance.Domain/ByteFinance.Domain.csproj" />
    <Project Path="src/ByteFinance.Infrastructure/ByteFinance.Infrastructure.csproj" />
  </Folder>
  <Folder Name="/tests/">
    <Project Path="tests/ByteFinance.App.Tests/ByteFinance.App.Tests.csproj" />
    <Project Path="tests/ByteFinance.Domain.Tests/ByteFinance.Domain.Tests.csproj" />
    <Project Path="tests/ByteFinance.IntegrationTests/ByteFinance.IntegrationTests.csproj" />
  </Folder>
</Solution>
